{
    "_readme": [
        "This file locks the dependencies of your project to a known state",
        "Read more about it at https://getcomposer.org/doc/01-basic-usage.md#installing-dependencies",
        "This file is @generated automatically"
    ],
    "content-hash": "403bbd34cebe6014b4c706d83c661b5c",
    "packages": [
        {
            "name": "apitin/framework",
            "version": "v0.0.1",
            "source": {
                "type": "git",
                "url": "https://github.com/wex/apitin-framework.git",
                "reference": "1e1ce0e7a90822962289818eefe1c1cedb4d4e1c"
            },
            "dist": {
                "type": "zip",
                "url": "https://api.github.com/repos/wex/apitin-framework/zipball/1e1ce0e7a90822962289818eefe1c1cedb4d4e1c",
                "reference": "1e1ce0e7a90822962289818eefe1c1cedb4d4e1c",
                "shasum": ""
            },
            "require": {
                "php": ">=8.0.0"
            },
            "type": "package",
            "autoload": {
                "psr-4": {
                    "": "app/",
                    "Apitin\\": "src/"
                },
                "files": [
                    "src/functions.inc.php"
                ]
            },
            "notification-url": "https://packagist.org/downloads/",
            "license": [
                "MIT"
            ],
            "authors": [
                {
                    "name": "Niko Hujanen",
                    "email": "niko.hujanen@gmail.com"
                }
            ],
            "description": "Ultra light-weight API framework",
            "support": {
                "issues": "https://github.com/wex/apitin-framework/issues",
                "source": "https://github.com/wex/apitin-framework/tree/v0.0.1"
            },
            "time": "2021-04-29T20:54:45+00:00"
        }
    ],
    "packages-dev": [],
    "aliases": [],
    "minimum-stability": "stable",
    "stability-flags": [],
    "prefer-stable": false,
    "prefer-lowest": false,
    "platform": {
        "php": ">=8.0.0"
    },
    "platform-dev": [],
    "plugin-api-version": "2.0.0"
}
